
Microsoft Visual Studio Solution File, Format Version 12.00
# Visual Studio 14
VisualStudioVersion = 14.0.25123.0
MinimumVisualStudioVersion = 10.0.40219.1
Project("{FAE04EC0-301F-11D3-BF4B-00C04F79EFBC}") = "GP.Opgavesaet4.View", "GP.Opgavesaet4.View\GP.Opgavesaet4.View.csproj", "{5B0568B7-2E64-4FE4-953A-6DE7C22DBAB7}"
EndProject
Global
	GlobalSection(SolutionConfigurationPlatforms) = preSolution
		Debug|Any CPU = Debug|Any CPU
		Release|Any CPU = Release|Any CPU
	EndGlobalSection
	GlobalSection(ProjectConfigurationPlatforms) = postSolution
		{5B0568B7-2E64-4FE4-953A-6DE7C22DBAB7}.Debug|Any CPU.ActiveCfg = Debug|Any CPU
		{5B0568B7-2E64-4FE4-953A-6DE7C22DBAB7}.Debug|Any CPU.Build.0 = Debug|Any CPU
		{5B0568B7-2E64-4FE4-953A-6DE7C22DBAB7}.Release|Any CPU.ActiveCfg = Release|Any CPU
		{5B0568B7-2E64-4FE4-953A-6DE7C22DBAB7}.Release|Any CPU.Build.0 = Release|Any CPU
	EndGlobalSection
	GlobalSection(SolutionProperties) = preSolution
		HideSolutionNode = FALSE
	EndGlobalSection
EndGlobal
